<?xml version="1.0" encoding="utf-8"?>
<Project ToolsVersion="4.0" xmlns="http://schemas.microsoft.com/developer/msbuild/2003">
  <ItemGroup>
    <Filter Include="Source Files">
      <UniqueIdentifier>{4FC737F1-C7A5-4376-A066-2A32D752A2FF}</UniqueIdentifier>
      <Extensions>cpp;c;cc;cxx;def;odl;idl;hpj;bat;asm;asmx</Extensions>
    </Filter>
    <Filter Include="Header Files">
      <UniqueIdentifier>{93995380-89BD-4b04-88EB-625FBE52EBFB}</UniqueIdentifier>
      <Extensions>h;hpp;hxx;hm;inl;inc;xsd</Extensions>
    </Filter>
    <Filter Include="Resource Files">
      <UniqueIdentifier>{67DA6AB6-F800-4c08-8B7A-83BB121AAD01}</UniqueIdentifier>
      <Extensions>rc;ico;cur;bmp;dlg;rc2;rct;bin;rgs;gif;jpg;jpeg;jpe;resx;tiff;tif;png;wav;mfcribbon-ms</Extensions>
    </Filter>
    <Filter Include="Driver Files">
      <UniqueIdentifier>{8E41214B-6785-4CFE-B992-037D68949A14}</UniqueIdentifier>
      <Extensions>inf;inv;inx;mof;mc;</Extensions>
    </Filter>
    <Filter Include="Header Files\core">
      <UniqueIdentifier>{ec54be14-9239-47ce-a272-56462a09379d}</UniqueIdentifier>
    </Filter>
    <Filter Include="Source Files\core">
      <UniqueIdentifier>{aa953ff8-f691-45b1-a1ee-aa3746dd7e04}</UniqueIdentifier>
    </Filter>
    <Filter Include="Header Files\structs">
      <UniqueIdentifier>{de82c787-865e-4472-81d4-de75cb7ceffa}</UniqueIdentifier>
    </Filter>
    <Filter Include="Header Files\enums">
      <UniqueIdentifier>{acb027dc-f9ae-44f8-aa6b-a9a411275313}</UniqueIdentifier>
    </Filter>
    <Filter Include="Header Files\utils">
      <UniqueIdentifier>{6f995f5d-53f9-468e-baea-9e7438dcc2a7}</UniqueIdentifier>
    </Filter>
    <Filter Include="Header Files\dependencies">
      <UniqueIdentifier>{f02e6065-9098-4267-b0eb-9060609ad71b}</UniqueIdentifier>
    </Filter>
    <Filter Include="Header Files\dependencies\hash">
      <UniqueIdentifier>{ecc042c4-0acf-4f2e-b819-845c5fd9aec3}</UniqueIdentifier>
    </Filter>
  </ItemGroup>
  <ItemGroup>
    <Inf Include="go_km.inf">
      <Filter>Driver Files</Filter>
    </Inf>
  </ItemGroup>
  <ItemGroup>
    <ClInclude Include="dependencies\hash\hash.hpp">
      <Filter>Header Files\dependencies\hash</Filter>
    </ClInclude>
    <ClInclude Include="dependencies\hash\hash_n.hpp">
      <Filter>Header Files\dependencies\hash</Filter>
    </ClInclude>
    <ClInclude Include="utils\misc.hpp">
      <Filter>Header Files\utils</Filter>
    </ClInclude>
    <ClInclude Include="utils\raii.hpp">
      <Filter>Header Files\utils</Filter>
    </ClInclude>
    <ClInclude Include="enums\request.hpp">
      <Filter>Header Files\enums</Filter>
    </ClInclude>
    <ClInclude Include="enums\system_information.hpp">
      <Filter>Header Files\enums</Filter>
    </ClInclude>
    <ClInclude Include="structs\modules.hpp">
      <Filter>Header Files\structs</Filter>
    </ClInclude>
    <ClInclude Include="structs\natives.hpp">
      <Filter>Header Files\structs</Filter>
    </ClInclude>
    <ClInclude Include="structs\pe.hpp">
      <Filter>Header Files\structs</Filter>
    </ClInclude>
    <ClInclude Include="structs\request.hpp">
      <Filter>Header Files\structs</Filter>
    </ClInclude>
    <ClInclude Include="core\imports.hpp">
      <Filter>Header Files\core</Filter>
    </ClInclude>
    <ClInclude Include="core\go.hpp">
      <Filter>Header Files\core</Filter>
    </ClInclude>
    <ClInclude Include="core\requests.hpp">
      <Filter>Header Files\core</Filter>
    </ClInclude>
    <ClInclude Include="core\dyn_data.hpp">
      <Filter>Header Files\core</Filter>
    </ClInclude>
  </ItemGroup>
  <ItemGroup>
    <ClCompile Include="core\main.cpp">
      <Filter>Source Files\core</Filter>
    </ClCompile>
  </ItemGroup>
</Project>